
Microsoft Visual Studio Solution File, Format Version 12.00
# Visual Studio Version 16
VisualStudioVersion = 16.0.30907.101
MinimumVisualStudioVersion = 10.0.40219.1
Project("{FAE04EC0-301F-11D3-BF4B-00C04F79EFBC}") = "DaraAds.API", "DaraAds.API\DaraAds.API.csproj", "{45E12AAF-76B6-4494-8097-CAE701004926}"
EndProject
Project("{FAE04EC0-301F-11D3-BF4B-00C04F79EFBC}") = "DaraAds.Core", "DaraAds.Core\DaraAds.Core.csproj", "{7BEE163D-C577-47C3-AF7F-703510108CAA}"
EndProject
Project("{FAE04EC0-301F-11D3-BF4B-00C04F79EFBC}") = "DaraAds.Infrastructure", "DaraAds.Infrastructure\DaraAds.Infrastructure.csproj", "{BFC47D91-4325-40DC-9BAC-DF2D34757DB0}"
EndProject
Global
	GlobalSection(SolutionConfigurationPlatforms) = preSolution
		Debug|Any CPU = Debug|Any CPU
		Release|Any CPU = Release|Any CPU
	EndGlobalSection
	GlobalSection(ProjectConfigurationPlatforms) = postSolution
		{45E12AAF-76B6-4494-8097-CAE701004926}.Debug|Any CPU.ActiveCfg = Debug|Any CPU
		{45E12AAF-76B6-4494-8097-CAE701004926}.Debug|Any CPU.Build.0 = Debug|Any CPU
		{45E12AAF-76B6-4494-8097-CAE701004926}.Release|Any CPU.ActiveCfg = Release|Any CPU
		{45E12AAF-76B6-4494-8097-CAE701004926}.Release|Any CPU.Build.0 = Release|Any CPU
		{7BEE163D-C577-47C3-AF7F-703510108CAA}.Debug|Any CPU.ActiveCfg = Debug|Any CPU
		{7BEE163D-C577-47C3-AF7F-703510108CAA}.Debug|Any CPU.Build.0 = Debug|Any CPU
		{7BEE163D-C577-47C3-AF7F-703510108CAA}.Release|Any CPU.ActiveCfg = Release|Any CPU
		{7BEE163D-C577-47C3-AF7F-703510108CAA}.Release|Any CPU.Build.0 = Release|Any CPU
		{BFC47D91-4325-40DC-9BAC-DF2D34757DB0}.Debug|Any CPU.ActiveCfg = Debug|Any CPU
		{BFC47D91-4325-40DC-9BAC-DF2D34757DB0}.Debug|Any CPU.Build.0 = Debug|Any CPU
		{BFC47D91-4325-40DC-9BAC-DF2D34757DB0}.Release|Any CPU.ActiveCfg = Release|Any CPU
		{BFC47D91-4325-40DC-9BAC-DF2D34757DB0}.Release|Any CPU.Build.0 = Release|Any CPU
	EndGlobalSection
	GlobalSection(SolutionProperties) = preSolution
		HideSolutionNode = FALSE
	EndGlobalSection
	GlobalSection(ExtensibilityGlobals) = postSolution
		SolutionGuid = {02419F46-0ECC-4D6F-92D8-C12CAE781F0D}
	EndGlobalSection
EndGlobal
